<?xml version="1.0" encoding="utf-8"?>
<Project ToolsVersion="4.0" xmlns="http://schemas.microsoft.com/developer/msbuild/2003">
  <ItemGroup>
    <ClCompile Include="KinectWindow.cpp" />
    <ClCompile Include="KinectWindowManager.cpp" />
    <ClCompile Include="MainWindow.cpp" />
    <ClCompile Include="CustomDrawListControl.cpp" />
  </ItemGroup>
  <ItemGroup>
    <ClInclude Include="Utility.h" />
    <ClInclude Include="KinectWindow.h" />
    <ClInclude Include="KinectWindowManager.h" />
    <ClInclude Include="resource.h" />
    <ClInclude Include="stdafx.h" />
    <ClInclude Include="MainWindow.h" />
    <ClInclude Include="CustomDrawListControl.h" />
  </ItemGroup>
  <ItemGroup>
    <None Include="app.ico" />
    <None Include="Images\KinectSensor.bmp">
      <Filter>Images</Filter>
    </None>
    <None Include="Images\Logo.bmp">
      <Filter>Images</Filter>
    </None>
    <None Include="Images\LogoNU.bmp">
      <Filter>Images</Filter>
    </None>
  </ItemGroup>
  <ItemGroup>
    <Filter Include="Images">
      <UniqueIdentifier>{aa99c218-4fbf-4bd6-89c6-04617058fcf6}</UniqueIdentifier>
    </Filter>
  </ItemGroup>
  <ItemGroup>
    <ResourceCompile Include="KinectExplorer.rc" />
  </ItemGroup>
</Project>